
Microsoft Visual Studio Solution File, Format Version 12.00
# Visual Studio Version 17
VisualStudioVersion = 17.0.31903.59
MinimumVisualStudioVersion = 10.0.40219.1
Project("{2150E333-8FDC-42A3-9474-1A3956D46DE8}") = "src", "src", "{827E0CD3-B72D-47B6-A68D-7590B98EB39B}"
EndProject
Project("{FAE04EC0-301F-11D3-BF4B-00C04F79EFBC}") = "Hotel.BL", "src\Hotel.BL\Hotel.BL.csproj", "{9A759AF5-B3F9-413F-B9F4-04DD815AB06E}"
EndProject
Project("{FAE04EC0-301F-11D3-BF4B-00C04F79EFBC}") = "Hotel.DataAccess", "src\Hotel.DataAccess\Hotel.DataAccess.csproj", "{B53C9C9E-8701-4D27-A523-5DFAA7305008}"
EndProject
Project("{FAE04EC0-301F-11D3-BF4B-00C04F79EFBC}") = "Hotel.Service", "src\Hotel.Service\Hotel.Service.csproj", "{8DAE2680-BF71-4928-9415-F94533D034E3}"
EndProject
Global
	GlobalSection(SolutionConfigurationPlatforms) = preSolution
		Debug|Any CPU = Debug|Any CPU
		Debug|x64 = Debug|x64
		Debug|x86 = Debug|x86
		Release|Any CPU = Release|Any CPU
		Release|x64 = Release|x64
		Release|x86 = Release|x86
	EndGlobalSection
	GlobalSection(ProjectConfigurationPlatforms) = postSolution
		{9A759AF5-B3F9-413F-B9F4-04DD815AB06E}.Debug|Any CPU.ActiveCfg = Debug|Any CPU
		{9A759AF5-B3F9-413F-B9F4-04DD815AB06E}.Debug|Any CPU.Build.0 = Debug|Any CPU
		{9A759AF5-B3F9-413F-B9F4-04DD815AB06E}.Debug|x64.ActiveCfg = Debug|Any CPU
		{9A759AF5-B3F9-413F-B9F4-04DD815AB06E}.Debug|x64.Build.0 = Debug|Any CPU
		{9A759AF5-B3F9-413F-B9F4-04DD815AB06E}.Debug|x86.ActiveCfg = Debug|Any CPU
		{9A759AF5-B3F9-413F-B9F4-04DD815AB06E}.Debug|x86.Build.0 = Debug|Any CPU
		{9A759AF5-B3F9-413F-B9F4-04DD815AB06E}.Release|Any CPU.ActiveCfg = Release|Any CPU
		{9A759AF5-B3F9-413F-B9F4-04DD815AB06E}.Release|Any CPU.Build.0 = Release|Any CPU
		{9A759AF5-B3F9-413F-B9F4-04DD815AB06E}.Release|x64.ActiveCfg = Release|Any CPU
		{9A759AF5-B3F9-413F-B9F4-04DD815AB06E}.Release|x64.Build.0 = Release|Any CPU
		{9A759AF5-B3F9-413F-B9F4-04DD815AB06E}.Release|x86.ActiveCfg = Release|Any CPU
		{9A759AF5-B3F9-413F-B9F4-04DD815AB06E}.Release|x86.Build.0 = Release|Any CPU
		{B53C9C9E-8701-4D27-A523-5DFAA7305008}.Debug|Any CPU.ActiveCfg = Debug|Any CPU
		{B53C9C9E-8701-4D27-A523-5DFAA7305008}.Debug|Any CPU.Build.0 = Debug|Any CPU
		{B53C9C9E-8701-4D27-A523-5DFAA7305008}.Debug|x64.ActiveCfg = Debug|Any CPU
		{B53C9C9E-8701-4D27-A523-5DFAA7305008}.Debug|x64.Build.0 = Debug|Any CPU
		{B53C9C9E-8701-4D27-A523-5DFAA7305008}.Debug|x86.ActiveCfg = Debug|Any CPU
		{B53C9C9E-8701-4D27-A523-5DFAA7305008}.Debug|x86.Build.0 = Debug|Any CPU
		{B53C9C9E-8701-4D27-A523-5DFAA7305008}.Release|Any CPU.ActiveCfg = Release|Any CPU
		{B53C9C9E-8701-4D27-A523-5DFAA7305008}.Release|Any CPU.Build.0 = Release|Any CPU
		{B53C9C9E-8701-4D27-A523-5DFAA7305008}.Release|x64.ActiveCfg = Release|Any CPU
		{B53C9C9E-8701-4D27-A523-5DFAA7305008}.Release|x64.Build.0 = Release|Any CPU
		{B53C9C9E-8701-4D27-A523-5DFAA7305008}.Release|x86.ActiveCfg = Release|Any CPU
		{B53C9C9E-8701-4D27-A523-5DFAA7305008}.Release|x86.Build.0 = Release|Any CPU
		{8DAE2680-BF71-4928-9415-F94533D034E3}.Debug|Any CPU.ActiveCfg = Debug|Any CPU
		{8DAE2680-BF71-4928-9415-F94533D034E3}.Debug|Any CPU.Build.0 = Debug|Any CPU
		{8DAE2680-BF71-4928-9415-F94533D034E3}.Debug|x64.ActiveCfg = Debug|Any CPU
		{8DAE2680-BF71-4928-9415-F94533D034E3}.Debug|x64.Build.0 = Debug|Any CPU
		{8DAE2680-BF71-4928-9415-F94533D034E3}.Debug|x86.ActiveCfg = Debug|Any CPU
		{8DAE2680-BF71-4928-9415-F94533D034E3}.Debug|x86.Build.0 = Debug|Any CPU
		{8DAE2680-BF71-4928-9415-F94533D034E3}.Release|Any CPU.ActiveCfg = Release|Any CPU
		{8DAE2680-BF71-4928-9415-F94533D034E3}.Release|Any CPU.Build.0 = Release|Any CPU
		{8DAE2680-BF71-4928-9415-F94533D034E3}.Release|x64.ActiveCfg = Release|Any CPU
		{8DAE2680-BF71-4928-9415-F94533D034E3}.Release|x64.Build.0 = Release|Any CPU
		{8DAE2680-BF71-4928-9415-F94533D034E3}.Release|x86.ActiveCfg = Release|Any CPU
		{8DAE2680-BF71-4928-9415-F94533D034E3}.Release|x86.Build.0 = Release|Any CPU
	EndGlobalSection
	GlobalSection(SolutionProperties) = preSolution
		HideSolutionNode = FALSE
	EndGlobalSection
	GlobalSection(NestedProjects) = preSolution
		{9A759AF5-B3F9-413F-B9F4-04DD815AB06E} = {827E0CD3-B72D-47B6-A68D-7590B98EB39B}
		{B53C9C9E-8701-4D27-A523-5DFAA7305008} = {827E0CD3-B72D-47B6-A68D-7590B98EB39B}
		{8DAE2680-BF71-4928-9415-F94533D034E3} = {827E0CD3-B72D-47B6-A68D-7590B98EB39B}
	EndGlobalSection
EndGlobal
